
Microsoft Visual Studio Solution File, Format Version 12.00
# Visual Studio Version 17
VisualStudioVersion = 17.4.33213.308
MinimumVisualStudioVersion = 10.0.40219.1
Project("{FAE04EC0-301F-11D3-BF4B-00C04F79EFBC}") = "NZWalks.API", "NZWalks.API\NZWalks.API.csproj", "{512F2D0B-BAC6-4423-8E57-9C2F1DFDB90A}"
EndProject
Global
	GlobalSection(SolutionConfigurationPlatforms) = preSolution
		Debug|Any CPU = Debug|Any CPU
		Release|Any CPU = Release|Any CPU
	EndGlobalSection
	GlobalSection(ProjectConfigurationPlatforms) = postSolution
		{512F2D0B-BAC6-4423-8E57-9C2F1DFDB90A}.Debug|Any CPU.ActiveCfg = Debug|Any CPU
		{512F2D0B-BAC6-4423-8E57-9C2F1DFDB90A}.Debug|Any CPU.Build.0 = Debug|Any CPU
		{512F2D0B-BAC6-4423-8E57-9C2F1DFDB90A}.Release|Any CPU.ActiveCfg = Release|Any CPU
		{512F2D0B-BAC6-4423-8E57-9C2F1DFDB90A}.Release|Any CPU.Build.0 = Release|Any CPU
	EndGlobalSection
	GlobalSection(SolutionProperties) = preSolution
		HideSolutionNode = FALSE
	EndGlobalSection
	GlobalSection(ExtensibilityGlobals) = postSolution
		SolutionGuid = {29555F58-D1BC-4441-A851-609A822EFFBA}
	EndGlobalSection
EndGlobal
